
Microsoft Visual Studio Solution File, Format Version 12.00
# Visual Studio Version 17
VisualStudioVersion = 17.6.33723.286
MinimumVisualStudioVersion = 10.0.40219.1
Project("{FAE04EC0-301F-11D3-BF4B-00C04F79EFBC}") = "OOPFundamentals_FinalProject", "OOPFundamentals_FinalProject\OOPFundamentals_FinalProject.csproj", "{92DBC270-C59B-4125-AC15-BF2BE7009D6E}"
EndProject
Global
	GlobalSection(SolutionConfigurationPlatforms) = preSolution
		Debug|Any CPU = Debug|Any CPU
		Release|Any CPU = Release|Any CPU
	EndGlobalSection
	GlobalSection(ProjectConfigurationPlatforms) = postSolution
		{92DBC270-C59B-4125-AC15-BF2BE7009D6E}.Debug|Any CPU.ActiveCfg = Debug|Any CPU
		{92DBC270-C59B-4125-AC15-BF2BE7009D6E}.Debug|Any CPU.Build.0 = Debug|Any CPU
		{92DBC270-C59B-4125-AC15-BF2BE7009D6E}.Release|Any CPU.ActiveCfg = Release|Any CPU
		{92DBC270-C59B-4125-AC15-BF2BE7009D6E}.Release|Any CPU.Build.0 = Release|Any CPU
	EndGlobalSection
	GlobalSection(SolutionProperties) = preSolution
		HideSolutionNode = FALSE
	EndGlobalSection
	GlobalSection(ExtensibilityGlobals) = postSolution
		SolutionGuid = {A0C9C30D-1501-47FC-8702-8B122D803FC7}
	EndGlobalSection
EndGlobal
